
Microsoft Visual Studio Solution File, Format Version 12.00
# Visual Studio 15
VisualStudioVersion = 15.0.28307.421
MinimumVisualStudioVersion = 10.0.40219.1
Project("{8BC9CEB8-8B4A-11D0-8D11-00A0C91BC942}") = "test", "test\test.vcxproj", "{A005CFB5-3316-42CC-9768-C5030630F7EA}"
EndProject
Global
	GlobalSection(SolutionConfigurationPlatforms) = preSolution
		Debug|x64 = Debug|x64
		Debug|x86 = Debug|x86
		Release|x64 = Release|x64
		Release|x86 = Release|x86
	EndGlobalSection
	GlobalSection(ProjectConfigurationPlatforms) = postSolution
		{A005CFB5-3316-42CC-9768-C5030630F7EA}.Debug|x64.ActiveCfg = Debug|x64
		{A005CFB5-3316-42CC-9768-C5030630F7EA}.Debug|x64.Build.0 = Debug|x64
		{A005CFB5-3316-42CC-9768-C5030630F7EA}.Debug|x86.ActiveCfg = Debug|Win32
		{A005CFB5-3316-42CC-9768-C5030630F7EA}.Debug|x86.Build.0 = Debug|Win32
		{A005CFB5-3316-42CC-9768-C5030630F7EA}.Release|x64.ActiveCfg = Release|x64
		{A005CFB5-3316-42CC-9768-C5030630F7EA}.Release|x64.Build.0 = Release|x64
		{A005CFB5-3316-42CC-9768-C5030630F7EA}.Release|x86.ActiveCfg = Release|Win32
		{A005CFB5-3316-42CC-9768-C5030630F7EA}.Release|x86.Build.0 = Release|Win32
	EndGlobalSection
	GlobalSection(SolutionProperties) = preSolution
		HideSolutionNode = FALSE
	EndGlobalSection
	GlobalSection(ExtensibilityGlobals) = postSolution
		SolutionGuid = {C7FDBE0C-F4D2-47F0-9D59-77B6D471E9C9}
	EndGlobalSection
EndGlobal
