
Microsoft Visual Studio Solution File, Format Version 12.00
# Visual Studio 15
VisualStudioVersion = 15.0.28307.106
MinimumVisualStudioVersion = 10.0.40219.1
Project("{8BC9CEB8-8B4A-11D0-8D11-00A0C91BC942}") = "stack-queue", "stack-queue\stack-queue.vcxproj", "{EB46C625-F011-46A5-845F-A1CB790D361A}"
EndProject
Global
	GlobalSection(SolutionConfigurationPlatforms) = preSolution
		Debug|x64 = Debug|x64
		Debug|x86 = Debug|x86
		Release|x64 = Release|x64
		Release|x86 = Release|x86
	EndGlobalSection
	GlobalSection(ProjectConfigurationPlatforms) = postSolution
		{EB46C625-F011-46A5-845F-A1CB790D361A}.Debug|x64.ActiveCfg = Debug|x64
		{EB46C625-F011-46A5-845F-A1CB790D361A}.Debug|x64.Build.0 = Debug|x64
		{EB46C625-F011-46A5-845F-A1CB790D361A}.Debug|x86.ActiveCfg = Debug|Win32
		{EB46C625-F011-46A5-845F-A1CB790D361A}.Debug|x86.Build.0 = Debug|Win32
		{EB46C625-F011-46A5-845F-A1CB790D361A}.Release|x64.ActiveCfg = Release|x64
		{EB46C625-F011-46A5-845F-A1CB790D361A}.Release|x64.Build.0 = Release|x64
		{EB46C625-F011-46A5-845F-A1CB790D361A}.Release|x86.ActiveCfg = Release|Win32
		{EB46C625-F011-46A5-845F-A1CB790D361A}.Release|x86.Build.0 = Release|Win32
	EndGlobalSection
	GlobalSection(SolutionProperties) = preSolution
		HideSolutionNode = FALSE
	EndGlobalSection
	GlobalSection(ExtensibilityGlobals) = postSolution
		SolutionGuid = {2134E447-26EF-4671-8D69-2BF77B9A2B07}
	EndGlobalSection
EndGlobal
